// !$*UTF8*$!
{
	archiveVersion = 1;
	classes = {
	};
	objectVersion = 50;
	objects = {

/* Begin PBXBuildFile section */
		8858EF8526066FAD00FDBA95 /* AppDelegate.swift in Sources */ = {isa = PBXBuildFile; fileRef = 8858EF8426066FAD00FDBA95 /* AppDelegate.swift */; };
		8858EF8726066FAD00FDBA95 /* SceneDelegate.swift in Sources */ = {isa = PBXBuildFile; fileRef = 8858EF8626066FAD00FDBA95 /* SceneDelegate.swift */; };
		8858EF8926066FAD00FDBA95 /* ViewController.swift in Sources */ = {isa = PBXBuildFile; fileRef = 8858EF8826066FAD00FDBA95 /* ViewController.swift */; };
		8858EF8C26066FAD00FDBA95 /* Main.storyboard in Resources */ = {isa = PBXBuildFile; fileRef = 8858EF8A26066FAD00FDBA95 /* Main.storyboard */; };
		8858EF8E26066FAF00FDBA95 /* Assets.xcassets in Resources */ = {isa = PBXBuildFile; fileRef = 8858EF8D26066FAF00FDBA95 /* Assets.xcassets */; };
		8858EF9126066FAF00FDBA95 /* LaunchScreen.storyboard in Resources */ = {isa = PBXBuildFile; fileRef = 8858EF8F26066FAF00FDBA95 /* LaunchScreen.storyboard */; };
		8858EF9C26066FB000FDBA95 /* SignosTests.swift in Sources */ = {isa = PBXBuildFile; fileRef = 8858EF9B26066FB000FDBA95 /* SignosTests.swift */; };
		8858EFA726066FB000FDBA95 /* SignosUITests.swift in Sources */ = {isa = PBXBuildFile; fileRef = 8858EFA626066FB000FDBA95 /* SignosUITests.swift */; };
/* End PBXBuildFile section */

/* Begin PBXContainerItemProxy section */
		8858EF9826066FB000FDBA95 /* PBXContainerItemProxy */ = {
			isa = PBXContainerItemProxy;
			containerPortal = 8858EF7926066FAD00FDBA95 /* Project object */;
			proxyType = 1;
			remoteGlobalIDString = 8858EF8026066FAD00FDBA95;
			remoteInfo = Signos;
		};
		8858EFA326066FB000FDBA95 /* PBXContainerItemProxy */ = {
			isa = PBXContainerItemProxy;
			containerPortal = 8858EF7926066FAD00FDBA95 /* Project object */;
			proxyType = 1;
			remoteGlobalIDString = 8858EF8026066FAD00FDBA95;
			remoteInfo = Signos;
		};
/* End PBXContainerItemProxy section */

/* Begin PBXFileReference section */
		8858EF8126066FAD00FDBA95 /* Signos.app */ = {isa = PBXFileReference; explicitFileType = wrapper.application; includeInIndex = 0; path = Signos.app; sourceTree = BUILT_PRODUCTS_DIR; };
		8858EF8426066FAD00FDBA95 /* AppDelegate.swift */ = {isa = PBXFileReference; lastKnownFileType = sourcecode.swift; path = AppDelegate.swift; sourceTree = "<group>"; };
		8858EF8626066FAD00FDBA95 /* SceneDelegate.swift */ = {isa = PBXFileReference; lastKnownFileType = sourcecode.swift; path = SceneDelegate.swift; sourceTree = "<group>"; };
		8858EF8826066FAD00FDBA95 /* ViewController.swift */ = {isa = PBXFileReference; lastKnownFileType = sourcecode.swift; path = ViewController.swift; sourceTree = "<group>"; };
		8858EF8B26066FAD00FDBA95 /* Base */ = {isa = PBXFileReference; lastKnownFileType = file.storyboard; name = Base; path = Base.lproj/Main.storyboard; sourceTree = "<group>"; };
		8858EF8D26066FAF00FDBA95 /* Assets.xcassets */ = {isa = PBXFileReference; lastKnownFileType = folder.assetcatalog; path = Assets.xcassets; sourceTree = "<group>"; };
		8858EF9026066FAF00FDBA95 /* Base */ = {isa = PBXFileReference; lastKnownFileType = file.storyboard; name = Base; path = Base.lproj/LaunchScreen.storyboard; sourceTree = "<group>"; };
		8858EF9226066FAF00FDBA95 /* Info.plist */ = {isa = PBXFileReference; lastKnownFileType = text.plist.xml; path = Info.plist; sourceTree = "<group>"; };
		8858EF9726066FB000FDBA95 /* SignosTests.xctest */ = {isa = PBXFileReference; explicitFileType = wrapper.cfbundle; includeInIndex = 0; path = SignosTests.xctest; sourceTree = BUILT_PRODUCTS_DIR; };
		8858EF9B26066FB000FDBA95 /* SignosTests.swift */ = {isa = PBXFileReference; lastKnownFileType = sourcecode.swift; path = SignosTests.swift; sourceTree = "<group>"; };
		8858EF9D26066FB000FDBA95 /* Info.plist */ = {isa = PBXFileReference; lastKnownFileType = text.plist.xml; path = Info.plist; sourceTree = "<group>"; };
		8858EFA226066FB000FDBA95 /* SignosUITests.xctest */ = {isa = PBXFileReference; explicitFileType = wrapper.cfbundle; includeInIndex = 0; path = SignosUITests.xctest; sourceTree = BUILT_PRODUCTS_DIR; };
		8858EFA626066FB000FDBA95 /* SignosUITests.swift */ = {isa = PBXFileReference; lastKnownFileType = sourcecode.swift; path = SignosUITests.swift; sourceTree = "<group>"; };
		8858EFA826066FB000FDBA95 /* Info.plist */ = {isa = PBXFileReference; lastKnownFileType = text.plist.xml; path = Info.plist; sourceTree = "<group>"; };
/* End PBXFileReference section */

/* Begin PBXFrameworksBuildPhase section */
		8858EF7E26066FAD00FDBA95 /* Frameworks */ = {
			isa = PBXFrameworksBuildPhase;
			buildActionMask = 2147483647;
			files = (
			);
			runOnlyForDeploymentPostprocessing = 0;
		};
		8858EF9426066FB000FDBA95 /* Frameworks */ = {
			isa = PBXFrameworksBuildPhase;
			buildActionMask = 2147483647;
			files = (
			);
			runOnlyForDeploymentPostprocessing = 0;
		};
		8858EF9F26066FB000FDBA95 /* Frameworks */ = {
			isa = PBXFrameworksBuildPhase;
			buildActionMask = 2147483647;
			files = (
			);
			runOnlyForDeploymentPostprocessing = 0;
		};
/* End PBXFrameworksBuildPhase section */

/* Begin PBXGroup section */
		8858EF7826066FAD00FDBA95 = {
			isa = PBXGroup;
			children = (
				8858EF8326066FAD00FDBA95 /* Signos */,
				8858EF9A26066FB000FDBA95 /* SignosTests */,
				8858EFA526066FB000FDBA95 /* SignosUITests */,
				8858EF8226066FAD00FDBA95 /* Products */,
			);
			sourceTree = "<group>";
		};
		8858EF8226066FAD00FDBA95 /* Products */ = {
			isa = PBXGroup;
			children = (
				8858EF8126066FAD00FDBA95 /* Signos.app */,
				8858EF9726066FB000FDBA95 /* SignosTests.xctest */,
				8858EFA226066FB000FDBA95 /* SignosUITests.xctest */,
			);
			name = Products;
			sourceTree = "<group>";
		};
		8858EF8326066FAD00FDBA95 /* Signos */ = {
			isa = PBXGroup;
			children = (
				8858EF8426066FAD00FDBA95 /* AppDelegate.swift */,
				8858EF8626066FAD00FDBA95 /* SceneDelegate.swift */,
				8858EF8826066FAD00FDBA95 /* ViewController.swift */,
				8858EF8A26066FAD00FDBA95 /* Main.storyboard */,
				8858EF8D26066FAF00FDBA95 /* Assets.xcassets */,
				8858EF8F26066FAF00FDBA95 /* LaunchScreen.storyboard */,
				8858EF9226066FAF00FDBA95 /* Info.plist */,
			);
			path = Signos;
			sourceTree = "<group>";
		};
		8858EF9A26066FB000FDBA95 /* SignosTests */ = {
			isa = PBXGroup;
			children = (
				8858EF9B26066FB000FDBA95 /* SignosTests.swift */,
				8858EF9D26066FB000FDBA95 /* Info.plist */,
			);
			path = SignosTests;
			sourceTree = "<group>";
		};
		8858EFA526066FB000FDBA95 /* SignosUITests */ = {
			isa = PBXGroup;
			children = (
				8858EFA626066FB000FDBA95 /* SignosUITests.swift */,
				8858EFA826066FB000FDBA95 /* Info.plist */,
			);
			path = SignosUITests;
			sourceTree = "<group>";
		};
/* End PBXGroup section */

/* Begin PBXNativeTarget section */
		8858EF8026066FAD00FDBA95 /* Signos */ = {
			isa = PBXNativeTarget;
			buildConfigurationList = 8858EFAB26066FB000FDBA95 /* Build configuration list for PBXNativeTarget "Signos" */;
			buildPhases = (
				8858EF7D26066FAD00FDBA95 /* Sources */,
				8858EF7E26066FAD00FDBA95 /* Frameworks */,
				8858EF7F26066FAD00FDBA95 /* Resources */,
			);
			buildRules = (
			);
			dependencies = (
			);
			name = Signos;
			productName = Signos;
			productReference = 8858EF8126066FAD00FDBA95 /* Signos.app */;
			productType = "com.apple.product-type.application";
		};
		8858EF9626066FB000FDBA95 /* SignosTests */ = {
			isa = PBXNativeTarget;
			buildConfigurationList = 8858EFAE26066FB000FDBA95 /* Build configuration list for PBXNativeTarget "SignosTests" */;
			buildPhases = (
				8858EF9326066FB000FDBA95 /* Sources */,
				8858EF9426066FB000FDBA95 /* Frameworks */,
				8858EF9526066FB000FDBA95 /* Resources */,
			);
			buildRules = (
			);
			dependencies = (
				8858EF9926066FB000FDBA95 /* PBXTargetDependency */,
			);
			name = SignosTests;
			productName = SignosTests;
			productReference = 8858EF9726066FB000FDBA95 /* SignosTests.xctest */;
			productType = "com.apple.product-type.bundle.unit-test";
		};
		8858EFA126066FB000FDBA95 /* SignosUITests */ = {
			isa = PBXNativeTarget;
			buildConfigurationList = 8858EFB126066FB000FDBA95 /* Build configuration list for PBXNativeTarget "SignosUITests" */;
			buildPhases = (
				8858EF9E26066FB000FDBA95 /* Sources */,
				8858EF9F26066FB000FDBA95 /* Frameworks */,
				8858EFA026066FB000FDBA95 /* Resources */,
			);
			buildRules = (
			);
			dependencies = (
				8858EFA426066FB000FDBA95 /* PBXTargetDependency */,
			);
			name = SignosUITests;
			productName = SignosUITests;
			productReference = 8858EFA226066FB000FDBA95 /* SignosUITests.xctest */;
			productType = "com.apple.product-type.bundle.ui-testing";
		};
/* End PBXNativeTarget section */

/* Begin PBXProject section */
		8858EF7926066FAD00FDBA95 /* Project object */ = {
			isa = PBXProject;
			attributes = {
				LastSwiftUpdateCheck = 1200;
				LastUpgradeCheck = 1200;
				TargetAttributes = {
					8858EF8026066FAD00FDBA95 = {
						CreatedOnToolsVersion = 12.0;
					};
					8858EF9626066FB000FDBA95 = {
						CreatedOnToolsVersion = 12.0;
						TestTargetID = 8858EF8026066FAD00FDBA95;
					};
					8858EFA126066FB000FDBA95 = {
						CreatedOnToolsVersion = 12.0;
						TestTargetID = 8858EF8026066FAD00FDBA95;
					};
				};
			};
			buildConfigurationList = 8858EF7C26066FAD00FDBA95 /* Build configuration list for PBXProject "Signos" */;
			compatibilityVersion = "Xcode 9.3";
			developmentRegion = en;
			hasScannedForEncodings = 0;
			knownRegions = (
				en,
				Base,
			);
			mainGroup = 8858EF7826066FAD00FDBA95;
			productRefGroup = 8858EF8226066FAD00FDBA95 /* Products */;
			projectDirPath = "";
			projectRoot = "";
			targets = (
				8858EF8026066FAD00FDBA95 /* Signos */,
				8858EF9626066FB000FDBA95 /* SignosTests */,
				8858EFA126066FB000FDBA95 /* SignosUITests */,
			);
		};
/* End PBXProject section */

/* Begin PBXResourcesBuildPhase section */
		8858EF7F26066FAD00FDBA95 /* Resources */ = {
			isa = PBXResourcesBuildPhase;
			buildActionMask = 2147483647;
			files = (
				8858EF9126066FAF00FDBA95 /* LaunchScreen.storyboard in Resources */,
				8858EF8E26066FAF00FDBA95 /* Assets.xcassets in Resources */,
				8858EF8C26066FAD00FDBA95 /* Main.storyboard in Resources */,
			);
			runOnlyForDeploymentPostprocessing = 0;
		};
		8858EF9526066FB000FDBA95 /* Resources */ = {
			isa = PBXResourcesBuildPhase;
			buildActionMask = 2147483647;
			files = (
			);
			runOnlyForDeploymentPostprocessing = 0;
		};
		8858EFA026066FB000FDBA95 /* Resources */ = {
			isa = PBXResourcesBuildPhase;
			buildActionMask = 2147483647;
			files = (
			);
			runOnlyForDeploymentPostprocessing = 0;
		};
/* End PBXResourcesBuildPhase section */

/* Begin PBXSourcesBuildPhase section */
		8858EF7D26066FAD00FDBA95 /* Sources */ = {
			isa = PBXSourcesBuildPhase;
			buildActionMask = 2147483647;
			files = (
				8858EF8926066FAD00FDBA95 /* ViewController.swift in Sources */,
				8858EF8526066FAD00FDBA95 /* AppDelegate.swift in Sources */,
				8858EF8726066FAD00FDBA95 /* SceneDelegate.swift in Sources */,
			);
			runOnlyForDeploymentPostprocessing = 0;
		};
		8858EF9326066FB000FDBA95 /* Sources */ = {
			isa = PBXSourcesBuildPhase;
			buildActionMask = 2147483647;
			files = (
				8858EF9C26066FB000FDBA95 /* SignosTests.swift in Sources */,
			);
			runOnlyForDeploymentPostprocessing = 0;
		};
		8858EF9E26066FB000FDBA95 /* Sources */ = {
			isa = PBXSourcesBuildPhase;
			buildActionMask = 2147483647;
			files = (
				8858EFA726066FB000FDBA95 /* SignosUITests.swift in Sources */,
			);
			runOnlyForDeploymentPostprocessing = 0;
		};
/* End PBXSourcesBuildPhase section */

/* Begin PBXTargetDependency section */
		8858EF9926066FB000FDBA95 /* PBXTargetDependency */ = {
			isa = PBXTargetDependency;
			target = 8858EF8026066FAD00FDBA95 /* Signos */;
			targetProxy = 8858EF9826066FB000FDBA95 /* PBXContainerItemProxy */;
		};
		8858EFA426066FB000FDBA95 /* PBXTargetDependency */ = {
			isa = PBXTargetDependency;
			target = 8858EF8026066FAD00FDBA95 /* Signos */;
			targetProxy = 8858EFA326066FB000FDBA95 /* PBXContainerItemProxy */;
		};
/* End PBXTargetDependency section */

/* Begin PBXVariantGroup section */
		8858EF8A26066FAD00FDBA95 /* Main.storyboard */ = {
			isa = PBXVariantGroup;
			children = (
				8858EF8B26066FAD00FDBA95 /* Base */,
			);
			name = Main.storyboard;
			sourceTree = "<group>";
		};
		8858EF8F26066FAF00FDBA95 /* LaunchScreen.storyboard */ = {
			isa = PBXVariantGroup;
			children = (
				8858EF9026066FAF00FDBA95 /* Base */,
			);
			name = LaunchScreen.storyboard;
			sourceTree = "<group>";
		};
/* End PBXVariantGroup section */

/* Begin XCBuildConfiguration section */
		8858EFA926066FB000FDBA95 /* Debug */ = {
			isa = XCBuildConfiguration;
			buildSettings = {
				ALWAYS_SEARCH_USER_PATHS = NO;
				CLANG_ANALYZER_NONNULL = YES;
				CLANG_ANALYZER_NUMBER_OBJECT_CONVERSION = YES_AGGRESSIVE;
				CLANG_CXX_LANGUAGE_STANDARD = "gnu++14";
				CLANG_CXX_LIBRARY = "libc++";
				CLANG_ENABLE_MODULES = YES;
				CLANG_ENABLE_OBJC_ARC = YES;
				CLANG_ENABLE_OBJC_WEAK = YES;
				CLANG_WARN_BLOCK_CAPTURE_AUTORELEASING = YES;
				CLANG_WARN_BOOL_CONVERSION = YES;
				CLANG_WARN_COMMA = YES;
				CLANG_WARN_CONSTANT_CONVERSION = YES;
				CLANG_WARN_DEPRECATED_OBJC_IMPLEMENTATIONS = YES;
				CLANG_WARN_DIRECT_OBJC_ISA_USAGE = YES_ERROR;
				CLANG_WARN_DOCUMENTATION_COMMENTS = YES;
				CLANG_WARN_EMPTY_BODY = YES;
				CLANG_WARN_ENUM_CONVERSION = YES;
				CLANG_WARN_INFINITE_RECURSION = YES;
				CLANG_WARN_INT_CONVERSION = YES;
				CLANG_WARN_NON_LITERAL_NULL_CONVERSION = YES;
				CLANG_WARN_OBJC_IMPLICIT_RETAIN_SELF = YES;
				CLANG_WARN_OBJC_LITERAL_CONVERSION = YES;
				CLANG_WARN_OBJC_ROOT_CLASS = YES_ERROR;
				CLANG_WARN_QUOTED_INCLUDE_IN_FRAMEWORK_HEADER = YES;
				CLANG_WARN_RANGE_LOOP_ANALYSIS = YES;
				CLANG_WARN_STRICT_PROTOTYPES = YES;
				CLANG_WARN_SUSPICIOUS_MOVE = YES;
				CLANG_WARN_UNGUARDED_AVAILABILITY = YES_AGGRESSIVE;
				CLANG_WARN_UNREACHABLE_CODE = YES;
				CLANG_WARN__DUPLICATE_METHOD_MATCH = YES;
				COPY_PHASE_STRIP = NO;
				DEBUG_INFORMATION_FORMAT = dwarf;
				ENABLE_STRICT_OBJC_MSGSEND = YES;
				ENABLE_TESTABILITY = YES;
				GCC_C_LANGUAGE_STANDARD = gnu11;
				GCC_DYNAMIC_NO_PIC = NO;
				GCC_NO_COMMON_BLOCKS = YES;
				GCC_OPTIMIZATION_LEVEL = 0;
				GCC_PREPROCESSOR_DEFINITIONS = (
					"DEBUG=1",
					"$(inherited)",
				);
				GCC_WARN_64_TO_32_BIT_CONVERSION = YES;
				GCC_WARN_ABOUT_RETURN_TYPE = YES_ERROR;
				GCC_WARN_UNDECLARED_SELECTOR = YES;
				GCC_WARN_UNINITIALIZED_AUTOS = YES_AGGRESSIVE;
				GCC_WARN_UNUSED_FUNCTION = YES;
				GCC_WARN_UNUSED_VARIABLE = YES;
				IPHONEOS_DEPLOYMENT_TARGET = 14.0;
				MTL_ENABLE_DEBUG_INFO = INCLUDE_SOURCE;
				MTL_FAST_MATH = YES;
				ONLY_ACTIVE_ARCH = YES;
				SDKROOT = iphoneos;
				SWIFT_ACTIVE_COMPILATION_CONDITIONS = DEBUG;
				SWIFT_OPTIMIZATION_LEVEL = "-Onone";
			};
			name = Debug;
		};
		8858EFAA26066FB000FDBA95 /* Release */ = {
			isa = XCBuildConfiguration;
			buildSettings = {
				ALWAYS_SEARCH_USER_PATHS = NO;
				CLANG_ANALYZER_NONNULL = YES;
				CLANG_ANALYZER_NUMBER_OBJECT_CONVERSION = YES_AGGRESSIVE;
				CLANG_CXX_LANGUAGE_STANDARD = "gnu++14";
				CLANG_CXX_LIBRARY = "libc++";
				CLANG_ENABLE_MODULES = YES;
				CLANG_ENABLE_OBJC_ARC = YES;
				CLANG_ENABLE_OBJC_WEAK = YES;
				CLANG_WARN_BLOCK_CAPTURE_AUTORELEASING = YES;
				CLANG_WARN_BOOL_CONVERSION = YES;
				CLANG_WARN_COMMA = YES;
				CLANG_WARN_CONSTANT_CONVERSION = YES;
				CLANG_WARN_DEPRECATED_OBJC_IMPLEMENTATIONS = YES;
				CLANG_WARN_DIRECT_OBJC_ISA_USAGE = YES_ERROR;
				CLANG_WARN_DOCUMENTATION_COMMENTS = YES;
				CLANG_WARN_EMPTY_BODY = YES;
				CLANG_WARN_ENUM_CONVERSION = YES;
				CLANG_WARN_INFINITE_RECURSION = YES;
				CLANG_WARN_INT_CONVERSION = YES;
				CLANG_WARN_NON_LITERAL_NULL_CONVERSION = YES;
				CLANG_WARN_OBJC_IMPLICIT_RETAIN_SELF = YES;
				CLANG_WARN_OBJC_LITERAL_CONVERSION = YES;
				CLANG_WARN_OBJC_ROOT_CLASS = YES_ERROR;
				CLANG_WARN_QUOTED_INCLUDE_IN_FRAMEWORK_HEADER = YES;
				CLANG_WARN_RANGE_LOOP_ANALYSIS = YES;
				CLANG_WARN_STRICT_PROTOTYPES = YES;
				CLANG_WARN_SUSPICIOUS_MOVE = YES;
				CLANG_WARN_UNGUARDED_AVAILABILITY = YES_AGGRESSIVE;
				CLANG_WARN_UNREACHABLE_CODE = YES;
				CLANG_WARN__DUPLICATE_METHOD_MATCH = YES;
				COPY_PHASE_STRIP = NO;
				DEBUG_INFORMATION_FORMAT = "dwarf-with-dsym";
				ENABLE_NS_ASSERTIONS = NO;
				ENABLE_STRICT_OBJC_MSGSEND = YES;
				GCC_C_LANGUAGE_STANDARD = gnu11;
				GCC_NO_COMMON_BLOCKS = YES;
				GCC_WARN_64_TO_32_BIT_CONVERSION = YES;
				GCC_WARN_ABOUT_RETURN_TYPE = YES_ERROR;
				GCC_WARN_UNDECLARED_SELECTOR = YES;
				GCC_WARN_UNINITIALIZED_AUTOS = YES_AGGRESSIVE;
				GCC_WARN_UNUSED_FUNCTION = YES;
				GCC_WARN_UNUSED_VARIABLE = YES;
				IPHONEOS_DEPLOYMENT_TARGET = 14.0;
				MTL_ENABLE_DEBUG_INFO = NO;
				MTL_FAST_MATH = YES;
				SDKROOT = iphoneos;
				SWIFT_COMPILATION_MODE = wholemodule;
				SWIFT_OPTIMIZATION_LEVEL = "-O";
				VALIDATE_PRODUCT = YES;
			};
			name = Release;
		};
		8858EFAC26066FB000FDBA95 /* Debug */ = {
			isa = XCBuildConfiguration;
			buildSettings = {
				ASSETCATALOG_COMPILER_APPICON_NAME = AppIcon;
				ASSETCATALOG_COMPILER_GLOBAL_ACCENT_COLOR_NAME = AccentColor;
				CODE_SIGN_STYLE = Automatic;
				DEVELOPMENT_TEAM = J89XP6WQS5;
				INFOPLIST_FILE = Signos/Info.plist;
				LD_RUNPATH_SEARCH_PATHS = (
					"$(inherited)",
					"@executable_path/Frameworks",
				);
				PRODUCT_BUNDLE_IDENTIFIER = br.com.stant.Signos;
				PRODUCT_NAME = "$(TARGET_NAME)";
				SWIFT_VERSION = 5.0;
				TARGETED_DEVICE_FAMILY = "1,2";
			};
			name = Debug;
		};
		8858EFAD26066FB000FDBA95 /* Release */ = {
			isa = XCBuildConfiguration;
			buildSettings = {
				ASSETCATALOG_COMPILER_APPICON_NAME = AppIcon;
				ASSETCATALOG_COMPILER_GLOBAL_ACCENT_COLOR_NAME = AccentColor;
				CODE_SIGN_STYLE = Automatic;
				DEVELOPMENT_TEAM = J89XP6WQS5;
				INFOPLIST_FILE = Signos/Info.plist;
				LD_RUNPATH_SEARCH_PATHS = (
					"$(inherited)",
					"@executable_path/Frameworks",
				);
				PRODUCT_BUNDLE_IDENTIFIER = br.com.stant.Signos;
				PRODUCT_NAME = "$(TARGET_NAME)";
				SWIFT_VERSION = 5.0;
				TARGETED_DEVICE_FAMILY = "1,2";
			};
			name = Release;
		};
		8858EFAF26066FB000FDBA95 /* Debug */ = {
			isa = XCBuildConfiguration;
			buildSettings = {
				ALWAYS_EMBED_SWIFT_STANDARD_LIBRARIES = YES;
				BUNDLE_LOADER = "$(TEST_HOST)";
				CODE_SIGN_STYLE = Automatic;
				DEVELOPMENT_TEAM = J89XP6WQS5;
				INFOPLIST_FILE = SignosTests/Info.plist;
				IPHONEOS_DEPLOYMENT_TARGET = 14.0;
				LD_RUNPATH_SEARCH_PATHS = (
					"$(inherited)",
					"@executable_path/Frameworks",
					"@loader_path/Frameworks",
				);
				PRODUCT_BUNDLE_IDENTIFIER = br.com.stant.SignosTests;
				PRODUCT_NAME = "$(TARGET_NAME)";
				SWIFT_VERSION = 5.0;
				TARGETED_DEVICE_FAMILY = "1,2";
				TEST_HOST = "$(BUILT_PRODUCTS_DIR)/Signos.app/Signos";
			};
			name = Debug;
		};
		8858EFB026066FB000FDBA95 /* Release */ = {
			isa = XCBuildConfiguration;
			buildSettings = {
				ALWAYS_EMBED_SWIFT_STANDARD_LIBRARIES = YES;
				BUNDLE_LOADER = "$(TEST_HOST)";
				CODE_SIGN_STYLE = Automatic;
				DEVELOPMENT_TEAM = J89XP6WQS5;
				INFOPLIST_FILE = SignosTests/Info.plist;
				IPHONEOS_DEPLOYMENT_TARGET = 14.0;
				LD_RUNPATH_SEARCH_PATHS = (
					"$(inherited)",
					"@executable_path/Frameworks",
					"@loader_path/Frameworks",
				);
				PRODUCT_BUNDLE_IDENTIFIER = br.com.stant.SignosTests;
				PRODUCT_NAME = "$(TARGET_NAME)";
				SWIFT_VERSION = 5.0;
				TARGETED_DEVICE_FAMILY = "1,2";
				TEST_HOST = "$(BUILT_PRODUCTS_DIR)/Signos.app/Signos";
			};
			name = Release;
		};
		8858EFB226066FB000FDBA95 /* Debug */ = {
			isa = XCBuildConfiguration;
			buildSettings = {
				ALWAYS_EMBED_SWIFT_STANDARD_LIBRARIES = YES;
				CODE_SIGN_STYLE = Automatic;
				DEVELOPMENT_TEAM = J89XP6WQS5;
				INFOPLIST_FILE = SignosUITests/Info.plist;
				LD_RUNPATH_SEARCH_PATHS = (
					"$(inherited)",
					"@executable_path/Frameworks",
					"@loader_path/Frameworks",
				);
				PRODUCT_BUNDLE_IDENTIFIER = br.com.stant.SignosUITests;
				PRODUCT_NAME = "$(TARGET_NAME)";
				SWIFT_VERSION = 5.0;
				TARGETED_DEVICE_FAMILY = "1,2";
				TEST_TARGET_NAME = Signos;
			};
			name = Debug;
		};
		8858EFB326066FB000FDBA95 /* Release */ = {
			isa = XCBuildConfiguration;
			buildSettings = {
				ALWAYS_EMBED_SWIFT_STANDARD_LIBRARIES = YES;
				CODE_SIGN_STYLE = Automatic;
				DEVELOPMENT_TEAM = J89XP6WQS5;
				INFOPLIST_FILE = SignosUITests/Info.plist;
				LD_RUNPATH_SEARCH_PATHS = (
					"$(inherited)",
					"@executable_path/Frameworks",
					"@loader_path/Frameworks",
				);
				PRODUCT_BUNDLE_IDENTIFIER = br.com.stant.SignosUITests;
				PRODUCT_NAME = "$(TARGET_NAME)";
				SWIFT_VERSION = 5.0;
				TARGETED_DEVICE_FAMILY = "1,2";
				TEST_TARGET_NAME = Signos;
			};
			name = Release;
		};
/* End XCBuildConfiguration section */

/* Begin XCConfigurationList section */
		8858EF7C26066FAD00FDBA95 /* Build configuration list for PBXProject "Signos" */ = {
			isa = XCConfigurationList;
			buildConfigurations = (
				8858EFA926066FB000FDBA95 /* Debug */,
				8858EFAA26066FB000FDBA95 /* Release */,
			);
			defaultConfigurationIsVisible = 0;
			defaultConfigurationName = Release;
		};
		8858EFAB26066FB000FDBA95 /* Build configuration list for PBXNativeTarget "Signos" */ = {
			isa = XCConfigurationList;
			buildConfigurations = (
				8858EFAC26066FB000FDBA95 /* Debug */,
				8858EFAD26066FB000FDBA95 /* Release */,
			);
			defaultConfigurationIsVisible = 0;
			defaultConfigurationName = Release;
		};
		8858EFAE26066FB000FDBA95 /* Build configuration list for PBXNativeTarget "SignosTests" */ = {
			isa = XCConfigurationList;
			buildConfigurations = (
				8858EFAF26066FB000FDBA95 /* Debug */,
				8858EFB026066FB000FDBA95 /* Release */,
			);
			defaultConfigurationIsVisible = 0;
			defaultConfigurationName = Release;
		};
		8858EFB126066FB000FDBA95 /* Build configuration list for PBXNativeTarget "SignosUITests" */ = {
			isa = XCConfigurationList;
			buildConfigurations = (
				8858EFB226066FB000FDBA95 /* Debug */,
				8858EFB326066FB000FDBA95 /* Release */,
			);
			defaultConfigurationIsVisible = 0;
			defaultConfigurationName = Release;
		};
/* End XCConfigurationList section */
	};
	rootObject = 8858EF7926066FAD00FDBA95 /* Project object */;
}
